
Microsoft Visual Studio Solution File, Format Version 12.00
# Visual Studio 2015
Project("{FAE04EC0-301F-11D3-BF4B-00C04F79EFBC}") = "Enemy Of My Enemy Prototype.CSharp", "Enemy Of My Enemy Prototype.CSharp.csproj", "{AF20F9D9-C348-86C5-E0DD-691143D169D4}"
EndProject
Global
	GlobalSection(SolutionConfigurationPlatforms) = preSolution
		Debug|Any CPU = Debug|Any CPU
		Release|Any CPU = Release|Any CPU
	EndGlobalSection
	GlobalSection(ProjectConfigurationPlatforms) = postSolution
		{AF20F9D9-C348-86C5-E0DD-691143D169D4}.Debug|Any CPU.ActiveCfg = Debug|Any CPU
		{AF20F9D9-C348-86C5-E0DD-691143D169D4}.Debug|Any CPU.Build.0 = Debug|Any CPU
		{AF20F9D9-C348-86C5-E0DD-691143D169D4}.Release|Any CPU.ActiveCfg = Release|Any CPU
		{AF20F9D9-C348-86C5-E0DD-691143D169D4}.Release|Any CPU.Build.0 = Release|Any CPU
	EndGlobalSection
	GlobalSection(SolutionProperties) = preSolution
		HideSolutionNode = FALSE
	EndGlobalSection
EndGlobal
